
Microsoft Visual Studio Solution File, Format Version 12.00
# Visual Studio Version 17
VisualStudioVersion = 17.0.31903.59
MinimumVisualStudioVersion = 10.0.40219.1
Project("{2150E333-8FDC-42A3-9474-1A3956D46DE8}") = "1-Web", "1-Web", "{070EB662-9EAB-4AAD-96B1-F4F289F23C5E}"
EndProject
Project("{2150E333-8FDC-42A3-9474-1A3956D46DE8}") = "2-Application", "2-Application", "{1EF06B7F-191B-4870-991F-6829F258198A}"
EndProject
Project("{2150E333-8FDC-42A3-9474-1A3956D46DE8}") = "3-Domain", "3-Domain", "{41A1EAF3-0313-4AF5-92D8-1191EA620563}"
EndProject
Project("{2150E333-8FDC-42A3-9474-1A3956D46DE8}") = "4-Infra", "4-Infra", "{5ECAA8F1-566C-49E4-8F79-9D639AAD786F}"
EndProject
Project("{2150E333-8FDC-42A3-9474-1A3956D46DE8}") = "4.1-Data", "4.1-Data", "{7EE8FAA2-3D8E-4E9A-8F25-FEF1FD1C1481}"
EndProject
Project("{2150E333-8FDC-42A3-9474-1A3956D46DE8}") = "4.2-CrossCutting", "4.2-CrossCutting", "{1A4C1BB7-8B9C-4F7E-931C-C007CC3DA8A5}"
EndProject
Project("{2150E333-8FDC-42A3-9474-1A3956D46DE8}") = "Interfaces", "Interfaces", "{E578D31F-AA31-46F0-9DB5-A075E4F62535}"
EndProject
Project("{2150E333-8FDC-42A3-9474-1A3956D46DE8}") = "Services", "Services", "{A7C48068-1A23-4453-AE45-3441AC13C96C}"
EndProject
Project("{2150E333-8FDC-42A3-9474-1A3956D46DE8}") = "ViewModels", "ViewModels", "{25B86536-9E57-4A5F-A1FD-3391321E60DD}"
EndProject
Project("{FAE04EC0-301F-11D3-BF4B-00C04F79EFBC}") = "Restaurante.API", "Restaurante.API\Restaurante.API.csproj", "{547288BA-7D22-4E7D-B115-3DB252ED106E}"
EndProject
Project("{FAE04EC0-301F-11D3-BF4B-00C04F79EFBC}") = "Restaurante.Application", "Restaurante.Application\Restaurante.Application.csproj", "{C7EF30A7-C99A-4AA7-A574-8EE403239C3F}"
EndProject
Project("{FAE04EC0-301F-11D3-BF4B-00C04F79EFBC}") = "Restaurante.Domain", "Restaurante.Domain\Restaurante.Domain.csproj", "{30E03536-55C2-41BB-8C65-E6A6B153BE02}"
EndProject
Project("{FAE04EC0-301F-11D3-BF4B-00C04F79EFBC}") = "Restaurante.Data", "Restaurante.Data\Restaurante.Data.csproj", "{65941C7F-8D22-4558-80BA-881D5DB8DB4E}"
EndProject
Global
	GlobalSection(SolutionConfigurationPlatforms) = preSolution
		Debug|Any CPU = Debug|Any CPU
		Release|Any CPU = Release|Any CPU
	EndGlobalSection
	GlobalSection(ProjectConfigurationPlatforms) = postSolution
		{547288BA-7D22-4E7D-B115-3DB252ED106E}.Debug|Any CPU.ActiveCfg = Debug|Any CPU
		{547288BA-7D22-4E7D-B115-3DB252ED106E}.Debug|Any CPU.Build.0 = Debug|Any CPU
		{547288BA-7D22-4E7D-B115-3DB252ED106E}.Release|Any CPU.ActiveCfg = Release|Any CPU
		{547288BA-7D22-4E7D-B115-3DB252ED106E}.Release|Any CPU.Build.0 = Release|Any CPU
		{C7EF30A7-C99A-4AA7-A574-8EE403239C3F}.Debug|Any CPU.ActiveCfg = Debug|Any CPU
		{C7EF30A7-C99A-4AA7-A574-8EE403239C3F}.Debug|Any CPU.Build.0 = Debug|Any CPU
		{C7EF30A7-C99A-4AA7-A574-8EE403239C3F}.Release|Any CPU.ActiveCfg = Release|Any CPU
		{C7EF30A7-C99A-4AA7-A574-8EE403239C3F}.Release|Any CPU.Build.0 = Release|Any CPU
		{30E03536-55C2-41BB-8C65-E6A6B153BE02}.Debug|Any CPU.ActiveCfg = Debug|Any CPU
		{30E03536-55C2-41BB-8C65-E6A6B153BE02}.Debug|Any CPU.Build.0 = Debug|Any CPU
		{30E03536-55C2-41BB-8C65-E6A6B153BE02}.Release|Any CPU.ActiveCfg = Release|Any CPU
		{30E03536-55C2-41BB-8C65-E6A6B153BE02}.Release|Any CPU.Build.0 = Release|Any CPU
		{65941C7F-8D22-4558-80BA-881D5DB8DB4E}.Debug|Any CPU.ActiveCfg = Debug|Any CPU
		{65941C7F-8D22-4558-80BA-881D5DB8DB4E}.Debug|Any CPU.Build.0 = Debug|Any CPU
		{65941C7F-8D22-4558-80BA-881D5DB8DB4E}.Release|Any CPU.ActiveCfg = Release|Any CPU
		{65941C7F-8D22-4558-80BA-881D5DB8DB4E}.Release|Any CPU.Build.0 = Release|Any CPU
	EndGlobalSection
	GlobalSection(SolutionProperties) = preSolution
		HideSolutionNode = FALSE
	EndGlobalSection
	GlobalSection(NestedProjects) = preSolution
		{7EE8FAA2-3D8E-4E9A-8F25-FEF1FD1C1481} = {5ECAA8F1-566C-49E4-8F79-9D639AAD786F}
		{1A4C1BB7-8B9C-4F7E-931C-C007CC3DA8A5} = {5ECAA8F1-566C-49E4-8F79-9D639AAD786F}
		{E578D31F-AA31-46F0-9DB5-A075E4F62535} = {1EF06B7F-191B-4870-991F-6829F258198A}
		{A7C48068-1A23-4453-AE45-3441AC13C96C} = {1EF06B7F-191B-4870-991F-6829F258198A}
		{25B86536-9E57-4A5F-A1FD-3391321E60DD} = {1EF06B7F-191B-4870-991F-6829F258198A}
		{547288BA-7D22-4E7D-B115-3DB252ED106E} = {070EB662-9EAB-4AAD-96B1-F4F289F23C5E}
		{C7EF30A7-C99A-4AA7-A574-8EE403239C3F} = {1EF06B7F-191B-4870-991F-6829F258198A}
		{30E03536-55C2-41BB-8C65-E6A6B153BE02} = {41A1EAF3-0313-4AF5-92D8-1191EA620563}
		{65941C7F-8D22-4558-80BA-881D5DB8DB4E} = {7EE8FAA2-3D8E-4E9A-8F25-FEF1FD1C1481}
	EndGlobalSection
	GlobalSection(ExtensibilityGlobals) = postSolution
		SolutionGuid = {A96A98FA-E39E-46EA-A8BD-1C69DDBDC016}
	EndGlobalSection
EndGlobal
